
Microsoft Visual Studio Solution File, Format Version 12.00
# Visual Studio Version 17
VisualStudioVersion = 17.0.31903.59
MinimumVisualStudioVersion = 10.0.40219.1
Project("{FAE04EC0-301F-11D3-BF4B-00C04F79EFBC}") = "API", "API\API.csproj", "{BFFD1551-500C-43E5-A098-7FD8B8000566}"
EndProject
Project("{FAE04EC0-301F-11D3-BF4B-00C04F79EFBC}") = "Application", "Application\Application.csproj", "{4AD56B8D-BF06-4412-B74F-512B2DCD5786}"
EndProject
Project("{FAE04EC0-301F-11D3-BF4B-00C04F79EFBC}") = "Domain", "Domain\Domain.csproj", "{6423F5FC-1247-4D79-BA20-9C6A802B962C}"
EndProject
Project("{FAE04EC0-301F-11D3-BF4B-00C04F79EFBC}") = "Persistence", "Persistence\Persistence.csproj", "{D8024F6E-AAD2-4FAE-8E91-D22D7FFE20A1}"
EndProject
Global
	GlobalSection(SolutionConfigurationPlatforms) = preSolution
		Debug|Any CPU = Debug|Any CPU
		Release|Any CPU = Release|Any CPU
	EndGlobalSection
	GlobalSection(SolutionProperties) = preSolution
		HideSolutionNode = FALSE
	EndGlobalSection
	GlobalSection(ProjectConfigurationPlatforms) = postSolution
		{BFFD1551-500C-43E5-A098-7FD8B8000566}.Debug|Any CPU.ActiveCfg = Debug|Any CPU
		{BFFD1551-500C-43E5-A098-7FD8B8000566}.Debug|Any CPU.Build.0 = Debug|Any CPU
		{BFFD1551-500C-43E5-A098-7FD8B8000566}.Release|Any CPU.ActiveCfg = Release|Any CPU
		{BFFD1551-500C-43E5-A098-7FD8B8000566}.Release|Any CPU.Build.0 = Release|Any CPU
		{4AD56B8D-BF06-4412-B74F-512B2DCD5786}.Debug|Any CPU.ActiveCfg = Debug|Any CPU
		{4AD56B8D-BF06-4412-B74F-512B2DCD5786}.Debug|Any CPU.Build.0 = Debug|Any CPU
		{4AD56B8D-BF06-4412-B74F-512B2DCD5786}.Release|Any CPU.ActiveCfg = Release|Any CPU
		{4AD56B8D-BF06-4412-B74F-512B2DCD5786}.Release|Any CPU.Build.0 = Release|Any CPU
		{6423F5FC-1247-4D79-BA20-9C6A802B962C}.Debug|Any CPU.ActiveCfg = Debug|Any CPU
		{6423F5FC-1247-4D79-BA20-9C6A802B962C}.Debug|Any CPU.Build.0 = Debug|Any CPU
		{6423F5FC-1247-4D79-BA20-9C6A802B962C}.Release|Any CPU.ActiveCfg = Release|Any CPU
		{6423F5FC-1247-4D79-BA20-9C6A802B962C}.Release|Any CPU.Build.0 = Release|Any CPU
		{D8024F6E-AAD2-4FAE-8E91-D22D7FFE20A1}.Debug|Any CPU.ActiveCfg = Debug|Any CPU
		{D8024F6E-AAD2-4FAE-8E91-D22D7FFE20A1}.Debug|Any CPU.Build.0 = Debug|Any CPU
		{D8024F6E-AAD2-4FAE-8E91-D22D7FFE20A1}.Release|Any CPU.ActiveCfg = Release|Any CPU
		{D8024F6E-AAD2-4FAE-8E91-D22D7FFE20A1}.Release|Any CPU.Build.0 = Release|Any CPU
	EndGlobalSection
EndGlobal
